// !$*UTF8*$!
{
	archiveVersion = 1;
	classes = {
	};
	objectVersion = 50;
	objects = {

/* Begin PBXBuildFile section */
		04350E772456E0B20083C4E3 /* NSAttributedString+TRUI.m in Sources */ = {isa = PBXBuildFile; fileRef = 04350E762456E0B20083C4E3 /* NSAttributedString+TRUI.m */; };
		04350E7A2456E5CA0083C4E3 /* NSMutableParagraphStyle+TRUI.m in Sources */ = {isa = PBXBuildFile; fileRef = 04350E792456E5CA0083C4E3 /* NSMutableParagraphStyle+TRUI.m */; };
		04350E7D2457CBA80083C4E3 /* NSURL+TRUI.m in Sources */ = {isa = PBXBuildFile; fileRef = 04350E7C2457CBA80083C4E3 /* NSURL+TRUI.m */; };
		04350E802457CCF80083C4E3 /* UIActivityIndicatorView+TRUI.m in Sources */ = {isa = PBXBuildFile; fileRef = 04350E7F2457CCF80083C4E3 /* UIActivityIndicatorView+TRUI.m */; };
		04350E832457CF120083C4E3 /* UIBarItem+TRUI.m in Sources */ = {isa = PBXBuildFile; fileRef = 04350E822457CF120083C4E3 /* UIBarItem+TRUI.m */; };
		04350E862457FCD10083C4E3 /* UIBezierPath+TRUI.m in Sources */ = {isa = PBXBuildFile; fileRef = 04350E852457FCD10083C4E3 /* UIBezierPath+TRUI.m */; };
		04350E892458004A0083C4E3 /* UIButton+TRUI.m in Sources */ = {isa = PBXBuildFile; fileRef = 04350E882458004A0083C4E3 /* UIButton+TRUI.m */; };
		04350E8C2458228E0083C4E3 /* UICollectionView+TRUI.m in Sources */ = {isa = PBXBuildFile; fileRef = 04350E8B2458228E0083C4E3 /* UICollectionView+TRUI.m */; };
		04350E8F245830710083C4E3 /* UIColor+TRUI.m in Sources */ = {isa = PBXBuildFile; fileRef = 04350E8E245830710083C4E3 /* UIColor+TRUI.m */; };
		0440283A24552D660015AFB9 /* CALayer+TRUI.m in Sources */ = {isa = PBXBuildFile; fileRef = 0440283924552D660015AFB9 /* CALayer+TRUI.m */; };
		0440283E24555B480015AFB9 /* TRUIRuntime.m in Sources */ = {isa = PBXBuildFile; fileRef = 0440283D24555B480015AFB9 /* TRUIRuntime.m */; };
		044028422455711B0015AFB9 /* TRUIConfiguration.m in Sources */ = {isa = PBXBuildFile; fileRef = 044028412455711B0015AFB9 /* TRUIConfiguration.m */; };
		04402845245582400015AFB9 /* NSString+TRUI.m in Sources */ = {isa = PBXBuildFile; fileRef = 04402844245582400015AFB9 /* NSString+TRUI.m */; };
		04402849245675280015AFB9 /* NSMethodSignature+TRUI.m in Sources */ = {isa = PBXBuildFile; fileRef = 04402848245675280015AFB9 /* NSMethodSignature+TRUI.m */; };
		044CD3DE2450327200A31831 /* TRAppDelegate.m in Sources */ = {isa = PBXBuildFile; fileRef = 044CD3DD2450327200A31831 /* TRAppDelegate.m */; };
		044CD3E92450327800A31831 /* Assets.xcassets in Resources */ = {isa = PBXBuildFile; fileRef = 044CD3E82450327800A31831 /* Assets.xcassets */; };
		044CD3EC2450327800A31831 /* LaunchScreen.storyboard in Resources */ = {isa = PBXBuildFile; fileRef = 044CD3EA2450327800A31831 /* LaunchScreen.storyboard */; };
		044CD3EF2450327800A31831 /* main.m in Sources */ = {isa = PBXBuildFile; fileRef = 044CD3EE2450327800A31831 /* main.m */; };
		044CD3F72450340700A31831 /* TRViewController.m in Sources */ = {isa = PBXBuildFile; fileRef = 044CD3F62450340700A31831 /* TRViewController.m */; };
		044CD3FD245041DC00A31831 /* TRUILogger.m in Sources */ = {isa = PBXBuildFile; fileRef = 044CD3FC245041DC00A31831 /* TRUILogger.m */; };
		044CD4002450454700A31831 /* TRUILogItem.m in Sources */ = {isa = PBXBuildFile; fileRef = 044CD3FF2450454700A31831 /* TRUILogItem.m */; };
		044CD4032450488300A31831 /* TRUILogNameManager.m in Sources */ = {isa = PBXBuildFile; fileRef = 044CD4022450488300A31831 /* TRUILogNameManager.m */; };
		044CD40A24513F5400A31831 /* NSArray+TRUI.m in Sources */ = {isa = PBXBuildFile; fileRef = 044CD40924513F5400A31831 /* NSArray+TRUI.m */; };
		044CD40D2451670300A31831 /* NSCharacterSet+TRUI.m in Sources */ = {isa = PBXBuildFile; fileRef = 044CD40C2451670300A31831 /* NSCharacterSet+TRUI.m */; };
		044CD4102451702A00A31831 /* NSNumber+TRUI.m in Sources */ = {isa = PBXBuildFile; fileRef = 044CD40F2451702A00A31831 /* NSNumber+TRUI.m */; };
		044CD4132451714100A31831 /* TRUIWeakObjectContainer.m in Sources */ = {isa = PBXBuildFile; fileRef = 044CD4122451714100A31831 /* TRUIWeakObjectContainer.m */; };
		044CD416245180DD00A31831 /* NSPointerArray+TRUI.m in Sources */ = {isa = PBXBuildFile; fileRef = 044CD415245180DD00A31831 /* NSPointerArray+TRUI.m */; };
		044CD4192451823D00A31831 /* NSObject+TRUI.m in Sources */ = {isa = PBXBuildFile; fileRef = 044CD4182451823D00A31831 /* NSObject+TRUI.m */; };
/* End PBXBuildFile section */

/* Begin PBXFileReference section */
		04350E752456E0B20083C4E3 /* NSAttributedString+TRUI.h */ = {isa = PBXFileReference; lastKnownFileType = sourcecode.c.h; path = "NSAttributedString+TRUI.h"; sourceTree = "<group>"; };
		04350E762456E0B20083C4E3 /* NSAttributedString+TRUI.m */ = {isa = PBXFileReference; lastKnownFileType = sourcecode.c.objc; path = "NSAttributedString+TRUI.m"; sourceTree = "<group>"; };
		04350E782456E5CA0083C4E3 /* NSMutableParagraphStyle+TRUI.h */ = {isa = PBXFileReference; lastKnownFileType = sourcecode.c.h; path = "NSMutableParagraphStyle+TRUI.h"; sourceTree = "<group>"; };
		04350E792456E5CA0083C4E3 /* NSMutableParagraphStyle+TRUI.m */ = {isa = PBXFileReference; lastKnownFileType = sourcecode.c.objc; path = "NSMutableParagraphStyle+TRUI.m"; sourceTree = "<group>"; };
		04350E7B2457CBA80083C4E3 /* NSURL+TRUI.h */ = {isa = PBXFileReference; lastKnownFileType = sourcecode.c.h; path = "NSURL+TRUI.h"; sourceTree = "<group>"; };
		04350E7C2457CBA80083C4E3 /* NSURL+TRUI.m */ = {isa = PBXFileReference; lastKnownFileType = sourcecode.c.objc; path = "NSURL+TRUI.m"; sourceTree = "<group>"; };
		04350E7E2457CCF80083C4E3 /* UIActivityIndicatorView+TRUI.h */ = {isa = PBXFileReference; lastKnownFileType = sourcecode.c.h; path = "UIActivityIndicatorView+TRUI.h"; sourceTree = "<group>"; };
		04350E7F2457CCF80083C4E3 /* UIActivityIndicatorView+TRUI.m */ = {isa = PBXFileReference; lastKnownFileType = sourcecode.c.objc; path = "UIActivityIndicatorView+TRUI.m"; sourceTree = "<group>"; };
		04350E812457CF120083C4E3 /* UIBarItem+TRUI.h */ = {isa = PBXFileReference; lastKnownFileType = sourcecode.c.h; path = "UIBarItem+TRUI.h"; sourceTree = "<group>"; };
		04350E822457CF120083C4E3 /* UIBarItem+TRUI.m */ = {isa = PBXFileReference; lastKnownFileType = sourcecode.c.objc; path = "UIBarItem+TRUI.m"; sourceTree = "<group>"; };
		04350E842457FCD10083C4E3 /* UIBezierPath+TRUI.h */ = {isa = PBXFileReference; lastKnownFileType = sourcecode.c.h; path = "UIBezierPath+TRUI.h"; sourceTree = "<group>"; };
		04350E852457FCD10083C4E3 /* UIBezierPath+TRUI.m */ = {isa = PBXFileReference; lastKnownFileType = sourcecode.c.objc; path = "UIBezierPath+TRUI.m"; sourceTree = "<group>"; };
		04350E872458004A0083C4E3 /* UIButton+TRUI.h */ = {isa = PBXFileReference; lastKnownFileType = sourcecode.c.h; path = "UIButton+TRUI.h"; sourceTree = "<group>"; };
		04350E882458004A0083C4E3 /* UIButton+TRUI.m */ = {isa = PBXFileReference; lastKnownFileType = sourcecode.c.objc; path = "UIButton+TRUI.m"; sourceTree = "<group>"; };
		04350E8A2458228E0083C4E3 /* UICollectionView+TRUI.h */ = {isa = PBXFileReference; lastKnownFileType = sourcecode.c.h; path = "UICollectionView+TRUI.h"; sourceTree = "<group>"; };
		04350E8B2458228E0083C4E3 /* UICollectionView+TRUI.m */ = {isa = PBXFileReference; lastKnownFileType = sourcecode.c.objc; path = "UICollectionView+TRUI.m"; sourceTree = "<group>"; };
		04350E8D245830710083C4E3 /* UIColor+TRUI.h */ = {isa = PBXFileReference; lastKnownFileType = sourcecode.c.h; path = "UIColor+TRUI.h"; sourceTree = "<group>"; };
		04350E8E245830710083C4E3 /* UIColor+TRUI.m */ = {isa = PBXFileReference; lastKnownFileType = sourcecode.c.objc; path = "UIColor+TRUI.m"; sourceTree = "<group>"; };
		04402837245523E70015AFB9 /* TRUICommonDefines.h */ = {isa = PBXFileReference; lastKnownFileType = sourcecode.c.h; path = TRUICommonDefines.h; sourceTree = "<group>"; };
		0440283824552D650015AFB9 /* CALayer+TRUI.h */ = {isa = PBXFileReference; lastKnownFileType = sourcecode.c.h; path = "CALayer+TRUI.h"; sourceTree = "<group>"; };
		0440283924552D660015AFB9 /* CALayer+TRUI.m */ = {isa = PBXFileReference; lastKnownFileType = sourcecode.c.objc; path = "CALayer+TRUI.m"; sourceTree = "<group>"; };
		0440283B24553A980015AFB9 /* TRUILab.h */ = {isa = PBXFileReference; lastKnownFileType = sourcecode.c.h; path = TRUILab.h; sourceTree = "<group>"; };
		0440283C24555B480015AFB9 /* TRUIRuntime.h */ = {isa = PBXFileReference; lastKnownFileType = sourcecode.c.h; path = TRUIRuntime.h; sourceTree = "<group>"; };
		0440283D24555B480015AFB9 /* TRUIRuntime.m */ = {isa = PBXFileReference; lastKnownFileType = sourcecode.c.objc; path = TRUIRuntime.m; sourceTree = "<group>"; };
		0440283F24556B680015AFB9 /* TRUIConfigurationMacros.h */ = {isa = PBXFileReference; lastKnownFileType = sourcecode.c.h; path = TRUIConfigurationMacros.h; sourceTree = "<group>"; };
		044028402455711B0015AFB9 /* TRUIConfiguration.h */ = {isa = PBXFileReference; lastKnownFileType = sourcecode.c.h; path = TRUIConfiguration.h; sourceTree = "<group>"; };
		044028412455711B0015AFB9 /* TRUIConfiguration.m */ = {isa = PBXFileReference; lastKnownFileType = sourcecode.c.objc; path = TRUIConfiguration.m; sourceTree = "<group>"; };
		04402843245582400015AFB9 /* NSString+TRUI.h */ = {isa = PBXFileReference; lastKnownFileType = sourcecode.c.h; path = "NSString+TRUI.h"; sourceTree = "<group>"; };
		04402844245582400015AFB9 /* NSString+TRUI.m */ = {isa = PBXFileReference; lastKnownFileType = sourcecode.c.objc; path = "NSString+TRUI.m"; sourceTree = "<group>"; };
		0440284624558FB10015AFB9 /* TRUIKit.h */ = {isa = PBXFileReference; lastKnownFileType = sourcecode.c.h; path = TRUIKit.h; sourceTree = "<group>"; };
		04402847245675280015AFB9 /* NSMethodSignature+TRUI.h */ = {isa = PBXFileReference; lastKnownFileType = sourcecode.c.h; path = "NSMethodSignature+TRUI.h"; sourceTree = "<group>"; };
		04402848245675280015AFB9 /* NSMethodSignature+TRUI.m */ = {isa = PBXFileReference; lastKnownFileType = sourcecode.c.objc; path = "NSMethodSignature+TRUI.m"; sourceTree = "<group>"; };
		044CD3D92450327200A31831 /* TRUI.app */ = {isa = PBXFileReference; explicitFileType = wrapper.application; includeInIndex = 0; path = TRUI.app; sourceTree = BUILT_PRODUCTS_DIR; };
		044CD3DC2450327200A31831 /* TRAppDelegate.h */ = {isa = PBXFileReference; lastKnownFileType = sourcecode.c.h; path = TRAppDelegate.h; sourceTree = "<group>"; };
		044CD3DD2450327200A31831 /* TRAppDelegate.m */ = {isa = PBXFileReference; lastKnownFileType = sourcecode.c.objc; path = TRAppDelegate.m; sourceTree = "<group>"; };
		044CD3E82450327800A31831 /* Assets.xcassets */ = {isa = PBXFileReference; lastKnownFileType = folder.assetcatalog; path = Assets.xcassets; sourceTree = "<group>"; };
		044CD3EB2450327800A31831 /* Base */ = {isa = PBXFileReference; lastKnownFileType = file.storyboard; name = Base; path = Base.lproj/LaunchScreen.storyboard; sourceTree = "<group>"; };
		044CD3ED2450327800A31831 /* Info.plist */ = {isa = PBXFileReference; lastKnownFileType = text.plist.xml; path = Info.plist; sourceTree = "<group>"; };
		044CD3EE2450327800A31831 /* main.m */ = {isa = PBXFileReference; lastKnownFileType = sourcecode.c.objc; path = main.m; sourceTree = "<group>"; };
		044CD3F52450340700A31831 /* TRViewController.h */ = {isa = PBXFileReference; lastKnownFileType = sourcecode.c.h; path = TRViewController.h; sourceTree = "<group>"; };
		044CD3F62450340700A31831 /* TRViewController.m */ = {isa = PBXFileReference; lastKnownFileType = sourcecode.c.objc; path = TRViewController.m; sourceTree = "<group>"; };
		044CD3FB245041DC00A31831 /* TRUILogger.h */ = {isa = PBXFileReference; lastKnownFileType = sourcecode.c.h; path = TRUILogger.h; sourceTree = "<group>"; };
		044CD3FC245041DC00A31831 /* TRUILogger.m */ = {isa = PBXFileReference; lastKnownFileType = sourcecode.c.objc; path = TRUILogger.m; sourceTree = "<group>"; };
		044CD3FE2450454700A31831 /* TRUILogItem.h */ = {isa = PBXFileReference; lastKnownFileType = sourcecode.c.h; path = TRUILogItem.h; sourceTree = "<group>"; };
		044CD3FF2450454700A31831 /* TRUILogItem.m */ = {isa = PBXFileReference; lastKnownFileType = sourcecode.c.objc; path = TRUILogItem.m; sourceTree = "<group>"; };
		044CD4012450488300A31831 /* TRUILogNameManager.h */ = {isa = PBXFileReference; lastKnownFileType = sourcecode.c.h; path = TRUILogNameManager.h; sourceTree = "<group>"; };
		044CD4022450488300A31831 /* TRUILogNameManager.m */ = {isa = PBXFileReference; lastKnownFileType = sourcecode.c.objc; path = TRUILogNameManager.m; sourceTree = "<group>"; };
		044CD4042451314800A31831 /* TRUILog.h */ = {isa = PBXFileReference; lastKnownFileType = sourcecode.c.h; path = TRUILog.h; sourceTree = "<group>"; };
		044CD40824513F5400A31831 /* NSArray+TRUI.h */ = {isa = PBXFileReference; lastKnownFileType = sourcecode.c.h; path = "NSArray+TRUI.h"; sourceTree = "<group>"; };
		044CD40924513F5400A31831 /* NSArray+TRUI.m */ = {isa = PBXFileReference; lastKnownFileType = sourcecode.c.objc; path = "NSArray+TRUI.m"; sourceTree = "<group>"; };
		044CD40B2451670300A31831 /* NSCharacterSet+TRUI.h */ = {isa = PBXFileReference; lastKnownFileType = sourcecode.c.h; path = "NSCharacterSet+TRUI.h"; sourceTree = "<group>"; };
		044CD40C2451670300A31831 /* NSCharacterSet+TRUI.m */ = {isa = PBXFileReference; lastKnownFileType = sourcecode.c.objc; path = "NSCharacterSet+TRUI.m"; sourceTree = "<group>"; };
		044CD40E2451702A00A31831 /* NSNumber+TRUI.h */ = {isa = PBXFileReference; lastKnownFileType = sourcecode.c.h; path = "NSNumber+TRUI.h"; sourceTree = "<group>"; };
		044CD40F2451702A00A31831 /* NSNumber+TRUI.m */ = {isa = PBXFileReference; lastKnownFileType = sourcecode.c.objc; path = "NSNumber+TRUI.m"; sourceTree = "<group>"; };
		044CD4112451714100A31831 /* TRUIWeakObjectContainer.h */ = {isa = PBXFileReference; lastKnownFileType = sourcecode.c.h; path = TRUIWeakObjectContainer.h; sourceTree = "<group>"; };
		044CD4122451714100A31831 /* TRUIWeakObjectContainer.m */ = {isa = PBXFileReference; lastKnownFileType = sourcecode.c.objc; path = TRUIWeakObjectContainer.m; sourceTree = "<group>"; };
		044CD414245180DD00A31831 /* NSPointerArray+TRUI.h */ = {isa = PBXFileReference; lastKnownFileType = sourcecode.c.h; path = "NSPointerArray+TRUI.h"; sourceTree = "<group>"; };
		044CD415245180DD00A31831 /* NSPointerArray+TRUI.m */ = {isa = PBXFileReference; lastKnownFileType = sourcecode.c.objc; path = "NSPointerArray+TRUI.m"; sourceTree = "<group>"; };
		044CD4172451823D00A31831 /* NSObject+TRUI.h */ = {isa = PBXFileReference; lastKnownFileType = sourcecode.c.h; path = "NSObject+TRUI.h"; sourceTree = "<group>"; };
		044CD4182451823D00A31831 /* NSObject+TRUI.m */ = {isa = PBXFileReference; lastKnownFileType = sourcecode.c.objc; path = "NSObject+TRUI.m"; sourceTree = "<group>"; };
/* End PBXFileReference section */

/* Begin PBXFrameworksBuildPhase section */
		044CD3D62450327200A31831 /* Frameworks */ = {
			isa = PBXFrameworksBuildPhase;
			buildActionMask = 2147483647;
			files = (
			);
			runOnlyForDeploymentPostprocessing = 0;
		};
/* End PBXFrameworksBuildPhase section */

/* Begin PBXGroup section */
		04402836245523A80015AFB9 /* TRUICore */ = {
			isa = PBXGroup;
			children = (
				04402837245523E70015AFB9 /* TRUICommonDefines.h */,
				0440283F24556B680015AFB9 /* TRUIConfigurationMacros.h */,
				044028402455711B0015AFB9 /* TRUIConfiguration.h */,
				044028412455711B0015AFB9 /* TRUIConfiguration.m */,
				0440283B24553A980015AFB9 /* TRUILab.h */,
				0440283C24555B480015AFB9 /* TRUIRuntime.h */,
				0440283D24555B480015AFB9 /* TRUIRuntime.m */,
			);
			path = TRUICore;
			sourceTree = "<group>";
		};
		044CD3D02450327200A31831 = {
			isa = PBXGroup;
			children = (
				044CD3DB2450327200A31831 /* TRUI */,
				044CD3DA2450327200A31831 /* Products */,
			);
			sourceTree = "<group>";
		};
		044CD3DA2450327200A31831 /* Products */ = {
			isa = PBXGroup;
			children = (
				044CD3D92450327200A31831 /* TRUI.app */,
			);
			name = Products;
			sourceTree = "<group>";
		};
		044CD3DB2450327200A31831 /* TRUI */ = {
			isa = PBXGroup;
			children = (
				044CD3F82450419000A31831 /* TRUIKit */,
				044CD3DC2450327200A31831 /* TRAppDelegate.h */,
				044CD3DD2450327200A31831 /* TRAppDelegate.m */,
				044CD3F52450340700A31831 /* TRViewController.h */,
				044CD3F62450340700A31831 /* TRViewController.m */,
				044CD3E82450327800A31831 /* Assets.xcassets */,
				044CD3EA2450327800A31831 /* LaunchScreen.storyboard */,
				044CD3ED2450327800A31831 /* Info.plist */,
				044CD3EE2450327800A31831 /* main.m */,
			);
			path = TRUI;
			sourceTree = "<group>";
		};
		044CD3F82450419000A31831 /* TRUIKit */ = {
			isa = PBXGroup;
			children = (
				0440284624558FB10015AFB9 /* TRUIKit.h */,
				04402836245523A80015AFB9 /* TRUICore */,
				044CD40724513F3700A31831 /* UIKitExtensions */,
				044CD3F9245041A900A31831 /* TRUIComponents */,
			);
			path = TRUIKit;
			sourceTree = "<group>";
		};
		044CD3F9245041A900A31831 /* TRUIComponents */ = {
			isa = PBXGroup;
			children = (
				044CD3FA245041BB00A31831 /* TRUILog */,
				044CD4112451714100A31831 /* TRUIWeakObjectContainer.h */,
				044CD4122451714100A31831 /* TRUIWeakObjectContainer.m */,
			);
			path = TRUIComponents;
			sourceTree = "<group>";
		};
		044CD3FA245041BB00A31831 /* TRUILog */ = {
			isa = PBXGroup;
			children = (
				044CD4042451314800A31831 /* TRUILog.h */,
				044CD3FB245041DC00A31831 /* TRUILogger.h */,
				044CD3FC245041DC00A31831 /* TRUILogger.m */,
				044CD3FE2450454700A31831 /* TRUILogItem.h */,
				044CD3FF2450454700A31831 /* TRUILogItem.m */,
				044CD4012450488300A31831 /* TRUILogNameManager.h */,
				044CD4022450488300A31831 /* TRUILogNameManager.m */,
			);
			path = TRUILog;
			sourceTree = "<group>";
		};
		044CD40724513F3700A31831 /* UIKitExtensions */ = {
			isa = PBXGroup;
			children = (
				0440283824552D650015AFB9 /* CALayer+TRUI.h */,
				0440283924552D660015AFB9 /* CALayer+TRUI.m */,
				044CD40824513F5400A31831 /* NSArray+TRUI.h */,
				044CD40924513F5400A31831 /* NSArray+TRUI.m */,
				04350E752456E0B20083C4E3 /* NSAttributedString+TRUI.h */,
				04350E762456E0B20083C4E3 /* NSAttributedString+TRUI.m */,
				044CD40B2451670300A31831 /* NSCharacterSet+TRUI.h */,
				044CD40C2451670300A31831 /* NSCharacterSet+TRUI.m */,
				04402847245675280015AFB9 /* NSMethodSignature+TRUI.h */,
				04402848245675280015AFB9 /* NSMethodSignature+TRUI.m */,
				04350E782456E5CA0083C4E3 /* NSMutableParagraphStyle+TRUI.h */,
				04350E792456E5CA0083C4E3 /* NSMutableParagraphStyle+TRUI.m */,
				044CD40E2451702A00A31831 /* NSNumber+TRUI.h */,
				044CD40F2451702A00A31831 /* NSNumber+TRUI.m */,
				044CD4172451823D00A31831 /* NSObject+TRUI.h */,
				044CD4182451823D00A31831 /* NSObject+TRUI.m */,
				044CD414245180DD00A31831 /* NSPointerArray+TRUI.h */,
				044CD415245180DD00A31831 /* NSPointerArray+TRUI.m */,
				04402843245582400015AFB9 /* NSString+TRUI.h */,
				04402844245582400015AFB9 /* NSString+TRUI.m */,
				04350E7B2457CBA80083C4E3 /* NSURL+TRUI.h */,
				04350E7C2457CBA80083C4E3 /* NSURL+TRUI.m */,
				04350E7E2457CCF80083C4E3 /* UIActivityIndicatorView+TRUI.h */,
				04350E7F2457CCF80083C4E3 /* UIActivityIndicatorView+TRUI.m */,
				04350E812457CF120083C4E3 /* UIBarItem+TRUI.h */,
				04350E822457CF120083C4E3 /* UIBarItem+TRUI.m */,
				04350E842457FCD10083C4E3 /* UIBezierPath+TRUI.h */,
				04350E852457FCD10083C4E3 /* UIBezierPath+TRUI.m */,
				04350E872458004A0083C4E3 /* UIButton+TRUI.h */,
				04350E882458004A0083C4E3 /* UIButton+TRUI.m */,
				04350E8A2458228E0083C4E3 /* UICollectionView+TRUI.h */,
				04350E8B2458228E0083C4E3 /* UICollectionView+TRUI.m */,
				04350E8D245830710083C4E3 /* UIColor+TRUI.h */,
				04350E8E245830710083C4E3 /* UIColor+TRUI.m */,
			);
			path = UIKitExtensions;
			sourceTree = "<group>";
		};
/* End PBXGroup section */

/* Begin PBXNativeTarget section */
		044CD3D82450327200A31831 /* TRUI */ = {
			isa = PBXNativeTarget;
			buildConfigurationList = 044CD3F22450327800A31831 /* Build configuration list for PBXNativeTarget "TRUI" */;
			buildPhases = (
				044CD3D52450327200A31831 /* Sources */,
				044CD3D62450327200A31831 /* Frameworks */,
				044CD3D72450327200A31831 /* Resources */,
			);
			buildRules = (
			);
			dependencies = (
			);
			name = TRUI;
			productName = TRUI;
			productReference = 044CD3D92450327200A31831 /* TRUI.app */;
			productType = "com.apple.product-type.application";
		};
/* End PBXNativeTarget section */

/* Begin PBXProject section */
		044CD3D12450327200A31831 /* Project object */ = {
			isa = PBXProject;
			attributes = {
				LastUpgradeCheck = 1130;
				ORGANIZATIONNAME = Mac;
				TargetAttributes = {
					044CD3D82450327200A31831 = {
						CreatedOnToolsVersion = 11.3.1;
					};
				};
			};
			buildConfigurationList = 044CD3D42450327200A31831 /* Build configuration list for PBXProject "TRUI" */;
			compatibilityVersion = "Xcode 9.3";
			developmentRegion = en;
			hasScannedForEncodings = 0;
			knownRegions = (
				en,
				Base,
			);
			mainGroup = 044CD3D02450327200A31831;
			productRefGroup = 044CD3DA2450327200A31831 /* Products */;
			projectDirPath = "";
			projectRoot = "";
			targets = (
				044CD3D82450327200A31831 /* TRUI */,
			);
		};
/* End PBXProject section */

/* Begin PBXResourcesBuildPhase section */
		044CD3D72450327200A31831 /* Resources */ = {
			isa = PBXResourcesBuildPhase;
			buildActionMask = 2147483647;
			files = (
				044CD3EC2450327800A31831 /* LaunchScreen.storyboard in Resources */,
				044CD3E92450327800A31831 /* Assets.xcassets in Resources */,
			);
			runOnlyForDeploymentPostprocessing = 0;
		};
/* End PBXResourcesBuildPhase section */

/* Begin PBXSourcesBuildPhase section */
		044CD3D52450327200A31831 /* Sources */ = {
			isa = PBXSourcesBuildPhase;
			buildActionMask = 2147483647;
			files = (
				04350E862457FCD10083C4E3 /* UIBezierPath+TRUI.m in Sources */,
				04402849245675280015AFB9 /* NSMethodSignature+TRUI.m in Sources */,
				044CD40A24513F5400A31831 /* NSArray+TRUI.m in Sources */,
				04350E802457CCF80083C4E3 /* UIActivityIndicatorView+TRUI.m in Sources */,
				04402845245582400015AFB9 /* NSString+TRUI.m in Sources */,
				04350E8F245830710083C4E3 /* UIColor+TRUI.m in Sources */,
				04350E832457CF120083C4E3 /* UIBarItem+TRUI.m in Sources */,
				044CD4192451823D00A31831 /* NSObject+TRUI.m in Sources */,
				0440283E24555B480015AFB9 /* TRUIRuntime.m in Sources */,
				044CD40D2451670300A31831 /* NSCharacterSet+TRUI.m in Sources */,
				044CD4132451714100A31831 /* TRUIWeakObjectContainer.m in Sources */,
				044CD4002450454700A31831 /* TRUILogItem.m in Sources */,
				044CD4102451702A00A31831 /* NSNumber+TRUI.m in Sources */,
				04350E772456E0B20083C4E3 /* NSAttributedString+TRUI.m in Sources */,
				04350E7D2457CBA80083C4E3 /* NSURL+TRUI.m in Sources */,
				044CD3DE2450327200A31831 /* TRAppDelegate.m in Sources */,
				044CD3EF2450327800A31831 /* main.m in Sources */,
				04350E8C2458228E0083C4E3 /* UICollectionView+TRUI.m in Sources */,
				044CD4032450488300A31831 /* TRUILogNameManager.m in Sources */,
				044028422455711B0015AFB9 /* TRUIConfiguration.m in Sources */,
				044CD3F72450340700A31831 /* TRViewController.m in Sources */,
				04350E892458004A0083C4E3 /* UIButton+TRUI.m in Sources */,
				044CD416245180DD00A31831 /* NSPointerArray+TRUI.m in Sources */,
				04350E7A2456E5CA0083C4E3 /* NSMutableParagraphStyle+TRUI.m in Sources */,
				0440283A24552D660015AFB9 /* CALayer+TRUI.m in Sources */,
				044CD3FD245041DC00A31831 /* TRUILogger.m in Sources */,
			);
			runOnlyForDeploymentPostprocessing = 0;
		};
/* End PBXSourcesBuildPhase section */

/* Begin PBXVariantGroup section */
		044CD3EA2450327800A31831 /* LaunchScreen.storyboard */ = {
			isa = PBXVariantGroup;
			children = (
				044CD3EB2450327800A31831 /* Base */,
			);
			name = LaunchScreen.storyboard;
			sourceTree = "<group>";
		};
/* End PBXVariantGroup section */

/* Begin XCBuildConfiguration section */
		044CD3F02450327800A31831 /* Debug */ = {
			isa = XCBuildConfiguration;
			buildSettings = {
				ALWAYS_SEARCH_USER_PATHS = NO;
				CLANG_ANALYZER_NONNULL = YES;
				CLANG_ANALYZER_NUMBER_OBJECT_CONVERSION = YES_AGGRESSIVE;
				CLANG_CXX_LANGUAGE_STANDARD = "gnu++14";
				CLANG_CXX_LIBRARY = "libc++";
				CLANG_ENABLE_MODULES = YES;
				CLANG_ENABLE_OBJC_ARC = YES;
				CLANG_ENABLE_OBJC_WEAK = YES;
				CLANG_WARN_BLOCK_CAPTURE_AUTORELEASING = YES;
				CLANG_WARN_BOOL_CONVERSION = YES;
				CLANG_WARN_COMMA = YES;
				CLANG_WARN_CONSTANT_CONVERSION = YES;
				CLANG_WARN_DEPRECATED_OBJC_IMPLEMENTATIONS = YES;
				CLANG_WARN_DIRECT_OBJC_ISA_USAGE = YES_ERROR;
				CLANG_WARN_DOCUMENTATION_COMMENTS = YES;
				CLANG_WARN_EMPTY_BODY = YES;
				CLANG_WARN_ENUM_CONVERSION = YES;
				CLANG_WARN_INFINITE_RECURSION = YES;
				CLANG_WARN_INT_CONVERSION = YES;
				CLANG_WARN_NON_LITERAL_NULL_CONVERSION = YES;
				CLANG_WARN_OBJC_IMPLICIT_RETAIN_SELF = YES;
				CLANG_WARN_OBJC_LITERAL_CONVERSION = YES;
				CLANG_WARN_OBJC_ROOT_CLASS = YES_ERROR;
				CLANG_WARN_RANGE_LOOP_ANALYSIS = YES;
				CLANG_WARN_STRICT_PROTOTYPES = YES;
				CLANG_WARN_SUSPICIOUS_MOVE = YES;
				CLANG_WARN_UNGUARDED_AVAILABILITY = YES_AGGRESSIVE;
				CLANG_WARN_UNREACHABLE_CODE = YES;
				CLANG_WARN__DUPLICATE_METHOD_MATCH = YES;
				COPY_PHASE_STRIP = NO;
				DEBUG_INFORMATION_FORMAT = dwarf;
				ENABLE_STRICT_OBJC_MSGSEND = YES;
				ENABLE_TESTABILITY = YES;
				GCC_C_LANGUAGE_STANDARD = gnu11;
				GCC_DYNAMIC_NO_PIC = NO;
				GCC_NO_COMMON_BLOCKS = YES;
				GCC_OPTIMIZATION_LEVEL = 0;
				GCC_PREPROCESSOR_DEFINITIONS = (
					"DEBUG=1",
					"$(inherited)",
				);
				GCC_WARN_64_TO_32_BIT_CONVERSION = YES;
				GCC_WARN_ABOUT_RETURN_TYPE = YES_ERROR;
				GCC_WARN_UNDECLARED_SELECTOR = YES;
				GCC_WARN_UNINITIALIZED_AUTOS = YES_AGGRESSIVE;
				GCC_WARN_UNUSED_FUNCTION = YES;
				GCC_WARN_UNUSED_VARIABLE = YES;
				IPHONEOS_DEPLOYMENT_TARGET = 13.2;
				MTL_ENABLE_DEBUG_INFO = INCLUDE_SOURCE;
				MTL_FAST_MATH = YES;
				ONLY_ACTIVE_ARCH = YES;
				SDKROOT = iphoneos;
			};
			name = Debug;
		};
		044CD3F12450327800A31831 /* Release */ = {
			isa = XCBuildConfiguration;
			buildSettings = {
				ALWAYS_SEARCH_USER_PATHS = NO;
				CLANG_ANALYZER_NONNULL = YES;
				CLANG_ANALYZER_NUMBER_OBJECT_CONVERSION = YES_AGGRESSIVE;
				CLANG_CXX_LANGUAGE_STANDARD = "gnu++14";
				CLANG_CXX_LIBRARY = "libc++";
				CLANG_ENABLE_MODULES = YES;
				CLANG_ENABLE_OBJC_ARC = YES;
				CLANG_ENABLE_OBJC_WEAK = YES;
				CLANG_WARN_BLOCK_CAPTURE_AUTORELEASING = YES;
				CLANG_WARN_BOOL_CONVERSION = YES;
				CLANG_WARN_COMMA = YES;
				CLANG_WARN_CONSTANT_CONVERSION = YES;
				CLANG_WARN_DEPRECATED_OBJC_IMPLEMENTATIONS = YES;
				CLANG_WARN_DIRECT_OBJC_ISA_USAGE = YES_ERROR;
				CLANG_WARN_DOCUMENTATION_COMMENTS = YES;
				CLANG_WARN_EMPTY_BODY = YES;
				CLANG_WARN_ENUM_CONVERSION = YES;
				CLANG_WARN_INFINITE_RECURSION = YES;
				CLANG_WARN_INT_CONVERSION = YES;
				CLANG_WARN_NON_LITERAL_NULL_CONVERSION = YES;
				CLANG_WARN_OBJC_IMPLICIT_RETAIN_SELF = YES;
				CLANG_WARN_OBJC_LITERAL_CONVERSION = YES;
				CLANG_WARN_OBJC_ROOT_CLASS = YES_ERROR;
				CLANG_WARN_RANGE_LOOP_ANALYSIS = YES;
				CLANG_WARN_STRICT_PROTOTYPES = YES;
				CLANG_WARN_SUSPICIOUS_MOVE = YES;
				CLANG_WARN_UNGUARDED_AVAILABILITY = YES_AGGRESSIVE;
				CLANG_WARN_UNREACHABLE_CODE = YES;
				CLANG_WARN__DUPLICATE_METHOD_MATCH = YES;
				COPY_PHASE_STRIP = NO;
				DEBUG_INFORMATION_FORMAT = "dwarf-with-dsym";
				ENABLE_NS_ASSERTIONS = NO;
				ENABLE_STRICT_OBJC_MSGSEND = YES;
				GCC_C_LANGUAGE_STANDARD = gnu11;
				GCC_NO_COMMON_BLOCKS = YES;
				GCC_WARN_64_TO_32_BIT_CONVERSION = YES;
				GCC_WARN_ABOUT_RETURN_TYPE = YES_ERROR;
				GCC_WARN_UNDECLARED_SELECTOR = YES;
				GCC_WARN_UNINITIALIZED_AUTOS = YES_AGGRESSIVE;
				GCC_WARN_UNUSED_FUNCTION = YES;
				GCC_WARN_UNUSED_VARIABLE = YES;
				IPHONEOS_DEPLOYMENT_TARGET = 13.2;
				MTL_ENABLE_DEBUG_INFO = NO;
				MTL_FAST_MATH = YES;
				SDKROOT = iphoneos;
				VALIDATE_PRODUCT = YES;
			};
			name = Release;
		};
		044CD3F32450327800A31831 /* Debug */ = {
			isa = XCBuildConfiguration;
			buildSettings = {
				ASSETCATALOG_COMPILER_APPICON_NAME = AppIcon;
				CODE_SIGN_STYLE = Automatic;
				DEVELOPMENT_TEAM = 9W7CBRB44G;
				INFOPLIST_FILE = TRUI/Info.plist;
				IPHONEOS_DEPLOYMENT_TARGET = 9.0;
				LD_RUNPATH_SEARCH_PATHS = (
					"$(inherited)",
					"@executable_path/Frameworks",
				);
				PRODUCT_BUNDLE_IDENTIFIER = cn.com.spdb.cpad.TRUI;
				PRODUCT_NAME = "$(TARGET_NAME)";
				TARGETED_DEVICE_FAMILY = 1;
			};
			name = Debug;
		};
		044CD3F42450327800A31831 /* Release */ = {
			isa = XCBuildConfiguration;
			buildSettings = {
				ASSETCATALOG_COMPILER_APPICON_NAME = AppIcon;
				CODE_SIGN_STYLE = Automatic;
				DEVELOPMENT_TEAM = 9W7CBRB44G;
				INFOPLIST_FILE = TRUI/Info.plist;
				IPHONEOS_DEPLOYMENT_TARGET = 9.0;
				LD_RUNPATH_SEARCH_PATHS = (
					"$(inherited)",
					"@executable_path/Frameworks",
				);
				PRODUCT_BUNDLE_IDENTIFIER = cn.com.spdb.cpad.TRUI;
				PRODUCT_NAME = "$(TARGET_NAME)";
				TARGETED_DEVICE_FAMILY = 1;
			};
			name = Release;
		};
/* End XCBuildConfiguration section */

/* Begin XCConfigurationList section */
		044CD3D42450327200A31831 /* Build configuration list for PBXProject "TRUI" */ = {
			isa = XCConfigurationList;
			buildConfigurations = (
				044CD3F02450327800A31831 /* Debug */,
				044CD3F12450327800A31831 /* Release */,
			);
			defaultConfigurationIsVisible = 0;
			defaultConfigurationName = Release;
		};
		044CD3F22450327800A31831 /* Build configuration list for PBXNativeTarget "TRUI" */ = {
			isa = XCConfigurationList;
			buildConfigurations = (
				044CD3F32450327800A31831 /* Debug */,
				044CD3F42450327800A31831 /* Release */,
			);
			defaultConfigurationIsVisible = 0;
			defaultConfigurationName = Release;
		};
/* End XCConfigurationList section */
	};
	rootObject = 044CD3D12450327200A31831 /* Project object */;
}
